
Microsoft Visual Studio Solution File, Format Version 12.00
# Visual Studio Version 16
VisualStudioVersion = 16.0.31005.135
MinimumVisualStudioVersion = 10.0.40219.1
Project("{FAE04EC0-301F-11D3-BF4B-00C04F79EFBC}") = "AdminApi", "AdminApi.csproj", "{899D3573-839F-4CBD-A0D8-B4FE6F42063F}"
EndProject
Global
	GlobalSection(SolutionConfigurationPlatforms) = preSolution
		Debug|Any CPU = Debug|Any CPU
		Release|Any CPU = Release|Any CPU
	EndGlobalSection
	GlobalSection(ProjectConfigurationPlatforms) = postSolution
		{899D3573-839F-4CBD-A0D8-B4FE6F42063F}.Debug|Any CPU.ActiveCfg = Debug|Any CPU
		{899D3573-839F-4CBD-A0D8-B4FE6F42063F}.Debug|Any CPU.Build.0 = Debug|Any CPU
		{899D3573-839F-4CBD-A0D8-B4FE6F42063F}.Release|Any CPU.ActiveCfg = Release|Any CPU
		{899D3573-839F-4CBD-A0D8-B4FE6F42063F}.Release|Any CPU.Build.0 = Release|Any CPU
	EndGlobalSection
	GlobalSection(SolutionProperties) = preSolution
		HideSolutionNode = FALSE
	EndGlobalSection
	GlobalSection(ExtensibilityGlobals) = postSolution
		SolutionGuid = {22E7B2F3-337B-4FDC-8DB0-ED8E5DDCE72B}
	EndGlobalSection
EndGlobal
